
Microsoft Visual Studio Solution File, Format Version 12.00
# Visual Studio 15
VisualStudioVersion = 15.0.28307.329
MinimumVisualStudioVersion = 10.0.40219.1
Project("{FAE04EC0-301F-11D3-BF4B-00C04F79EFBC}") = "bizapps_test.DAL", "bizapps_test.DAL\bizapps_test.DAL.csproj", "{10736197-6224-4098-BA39-F5FF31FDDBC3}"
EndProject
Project("{FAE04EC0-301F-11D3-BF4B-00C04F79EFBC}") = "bizapps_test.BLL", "bizapps_test.BLL\bizapps_test.BLL.csproj", "{45FFA107-EEF8-4BD0-9EDC-E281830C5EA5}"
EndProject
Project("{FAE04EC0-301F-11D3-BF4B-00C04F79EFBC}") = "bizapps_test.WEB", "bizapps_test.WEB\bizapps_test.WEB.csproj", "{BF6A752C-7D0E-40AB-A044-F8F44C7DCF87}"
EndProject
Project("{FAE04EC0-301F-11D3-BF4B-00C04F79EFBC}") = "bizapps_test.BLL.Tests", "bizapps_test.BLL.Tests\bizapps_test.BLL.Tests.csproj", "{EE61C999-1A95-462D-BA85-8ED24E829ADE}"
EndProject
Project("{FAE04EC0-301F-11D3-BF4B-00C04F79EFBC}") = "bizapps_test.MVC", "bizapps_test.MVC\bizapps_test.MVC.csproj", "{3989A8BC-5583-4793-B029-EF55F324E570}"
	ProjectSection(ProjectDependencies) = postProject
		{2989816D-C791-40BE-9DB8-4AA0FCBFB94D} = {2989816D-C791-40BE-9DB8-4AA0FCBFB94D}
		{0C639A7F-FD4C-4432-BBED-9808F85C59A2} = {0C639A7F-FD4C-4432-BBED-9808F85C59A2}
	EndProjectSection
EndProject
Project("{FAE04EC0-301F-11D3-BF4B-00C04F79EFBC}") = "bizapps_test.SL.API_Services", "bizapps_test.SL.API_Services\bizapps_test.SL.API_Services.csproj", "{9B7BA31B-DD21-4B45-B869-712DEDEE753F}"
EndProject
Project("{FAE04EC0-301F-11D3-BF4B-00C04F79EFBC}") = "bizapps_test.SL.Wcf_Services", "bizapps_test.SL.Wcf_Services\bizapps_test.SL.Wcf_Services.csproj", "{0C639A7F-FD4C-4432-BBED-9808F85C59A2}"
EndProject
Project("{FAE04EC0-301F-11D3-BF4B-00C04F79EFBC}") = "bizapps_test.SL.ASMX_Services", "bizapps_test.SL.ASMX_Services\bizapps_test.SL.ASMX_Services.csproj", "{2989816D-C791-40BE-9DB8-4AA0FCBFB94D}"
EndProject
Project("{FAE04EC0-301F-11D3-BF4B-00C04F79EFBC}") = "bizapps_test.SL.Wcf_Services.Tests", "bizapps_test.SL.Wcf_Services.Tests\bizapps_test.SL.Wcf_Services.Tests.csproj", "{87A01D1E-0FFA-4FCF-95BB-2FFE73889869}"
EndProject
Project("{FAE04EC0-301F-11D3-BF4B-00C04F79EFBC}") = "bizapps_test.MVC.Tests", "bizapps_test.MVC.Tests\bizapps_test.MVC.Tests.csproj", "{02B79EA4-38F7-49C2-BBAC-605CCB9C95D5}"
EndProject
Project("{2150E333-8FDC-42A3-9474-1A3956D46DE8}") = ".nuget", ".nuget", "{3380394E-3731-4DC5-8D33-C28203AE1806}"
	ProjectSection(SolutionItems) = preProject
		.nuget\NuGet.config = .nuget\NuGet.config
	EndProjectSection
EndProject
Project("{2150E333-8FDC-42A3-9474-1A3956D46DE8}") = "Core", "Core", "{4B609D71-7D31-4B5B-8D78-D71F8722ADCF}"
EndProject
Project("{2150E333-8FDC-42A3-9474-1A3956D46DE8}") = "ServiceLayer", "ServiceLayer", "{26E02296-6F97-4F07-B87A-4E2E381C4532}"
EndProject
Project("{2150E333-8FDC-42A3-9474-1A3956D46DE8}") = "UI", "UI", "{30277B70-4DBA-434C-9916-0AAB269CA3A2}"
EndProject
Project("{2150E333-8FDC-42A3-9474-1A3956D46DE8}") = "_Deploy", "_Deploy", "{097DC028-E52D-463A-BB16-A847E1D195CB}"
	ProjectSection(SolutionItems) = preProject
		BizappsTest.bak = BizappsTest.bak
		bizapps_test.WEB\SqlScripts\BizappsTestScript.sql = bizapps_test.WEB\SqlScripts\BizappsTestScript.sql
	EndProjectSection
EndProject
Project("{FAE04EC0-301F-11D3-BF4B-00C04F79EFBC}") = "bizapps_test.Domain", "bizapps_test.Domain\bizapps_test.Domain.csproj", "{A93F3A83-3D4B-4974-915A-691F7AF6288C}"
EndProject
Project("{FAE04EC0-301F-11D3-BF4B-00C04F79EFBC}") = "bizapps_test.SinglePageApp", "bizapps_test.SinglePageApp\bizapps_test.SinglePageApp.csproj", "{2AEF72C5-2315-4A6E-8084-70F76A654234}"
EndProject
Global
	GlobalSection(SolutionConfigurationPlatforms) = preSolution
		Debug|Any CPU = Debug|Any CPU
		Release|Any CPU = Release|Any CPU
	EndGlobalSection
	GlobalSection(ProjectConfigurationPlatforms) = postSolution
		{10736197-6224-4098-BA39-F5FF31FDDBC3}.Debug|Any CPU.ActiveCfg = Debug|Any CPU
		{10736197-6224-4098-BA39-F5FF31FDDBC3}.Debug|Any CPU.Build.0 = Debug|Any CPU
		{10736197-6224-4098-BA39-F5FF31FDDBC3}.Release|Any CPU.ActiveCfg = Release|Any CPU
		{10736197-6224-4098-BA39-F5FF31FDDBC3}.Release|Any CPU.Build.0 = Release|Any CPU
		{45FFA107-EEF8-4BD0-9EDC-E281830C5EA5}.Debug|Any CPU.ActiveCfg = Debug|Any CPU
		{45FFA107-EEF8-4BD0-9EDC-E281830C5EA5}.Debug|Any CPU.Build.0 = Debug|Any CPU
		{45FFA107-EEF8-4BD0-9EDC-E281830C5EA5}.Release|Any CPU.ActiveCfg = Release|Any CPU
		{45FFA107-EEF8-4BD0-9EDC-E281830C5EA5}.Release|Any CPU.Build.0 = Release|Any CPU
		{BF6A752C-7D0E-40AB-A044-F8F44C7DCF87}.Debug|Any CPU.ActiveCfg = Debug|Any CPU
		{BF6A752C-7D0E-40AB-A044-F8F44C7DCF87}.Debug|Any CPU.Build.0 = Debug|Any CPU
		{BF6A752C-7D0E-40AB-A044-F8F44C7DCF87}.Release|Any CPU.ActiveCfg = Release|Any CPU
		{BF6A752C-7D0E-40AB-A044-F8F44C7DCF87}.Release|Any CPU.Build.0 = Release|Any CPU
		{EE61C999-1A95-462D-BA85-8ED24E829ADE}.Debug|Any CPU.ActiveCfg = Debug|Any CPU
		{EE61C999-1A95-462D-BA85-8ED24E829ADE}.Debug|Any CPU.Build.0 = Debug|Any CPU
		{EE61C999-1A95-462D-BA85-8ED24E829ADE}.Release|Any CPU.ActiveCfg = Release|Any CPU
		{EE61C999-1A95-462D-BA85-8ED24E829ADE}.Release|Any CPU.Build.0 = Release|Any CPU
		{3989A8BC-5583-4793-B029-EF55F324E570}.Debug|Any CPU.ActiveCfg = Debug|Any CPU
		{3989A8BC-5583-4793-B029-EF55F324E570}.Debug|Any CPU.Build.0 = Debug|Any CPU
		{3989A8BC-5583-4793-B029-EF55F324E570}.Release|Any CPU.ActiveCfg = Release|Any CPU
		{3989A8BC-5583-4793-B029-EF55F324E570}.Release|Any CPU.Build.0 = Release|Any CPU
		{9B7BA31B-DD21-4B45-B869-712DEDEE753F}.Debug|Any CPU.ActiveCfg = Debug|Any CPU
		{9B7BA31B-DD21-4B45-B869-712DEDEE753F}.Debug|Any CPU.Build.0 = Debug|Any CPU
		{9B7BA31B-DD21-4B45-B869-712DEDEE753F}.Release|Any CPU.ActiveCfg = Release|Any CPU
		{9B7BA31B-DD21-4B45-B869-712DEDEE753F}.Release|Any CPU.Build.0 = Release|Any CPU
		{0C639A7F-FD4C-4432-BBED-9808F85C59A2}.Debug|Any CPU.ActiveCfg = Debug|Any CPU
		{0C639A7F-FD4C-4432-BBED-9808F85C59A2}.Debug|Any CPU.Build.0 = Debug|Any CPU
		{0C639A7F-FD4C-4432-BBED-9808F85C59A2}.Release|Any CPU.ActiveCfg = Release|Any CPU
		{0C639A7F-FD4C-4432-BBED-9808F85C59A2}.Release|Any CPU.Build.0 = Release|Any CPU
		{2989816D-C791-40BE-9DB8-4AA0FCBFB94D}.Debug|Any CPU.ActiveCfg = Debug|Any CPU
		{2989816D-C791-40BE-9DB8-4AA0FCBFB94D}.Debug|Any CPU.Build.0 = Debug|Any CPU
		{2989816D-C791-40BE-9DB8-4AA0FCBFB94D}.Release|Any CPU.ActiveCfg = Release|Any CPU
		{2989816D-C791-40BE-9DB8-4AA0FCBFB94D}.Release|Any CPU.Build.0 = Release|Any CPU
		{87A01D1E-0FFA-4FCF-95BB-2FFE73889869}.Debug|Any CPU.ActiveCfg = Debug|Any CPU
		{87A01D1E-0FFA-4FCF-95BB-2FFE73889869}.Debug|Any CPU.Build.0 = Debug|Any CPU
		{87A01D1E-0FFA-4FCF-95BB-2FFE73889869}.Release|Any CPU.ActiveCfg = Release|Any CPU
		{87A01D1E-0FFA-4FCF-95BB-2FFE73889869}.Release|Any CPU.Build.0 = Release|Any CPU
		{02B79EA4-38F7-49C2-BBAC-605CCB9C95D5}.Debug|Any CPU.ActiveCfg = Debug|Any CPU
		{02B79EA4-38F7-49C2-BBAC-605CCB9C95D5}.Debug|Any CPU.Build.0 = Debug|Any CPU
		{02B79EA4-38F7-49C2-BBAC-605CCB9C95D5}.Release|Any CPU.ActiveCfg = Release|Any CPU
		{02B79EA4-38F7-49C2-BBAC-605CCB9C95D5}.Release|Any CPU.Build.0 = Release|Any CPU
		{A93F3A83-3D4B-4974-915A-691F7AF6288C}.Debug|Any CPU.ActiveCfg = Debug|Any CPU
		{A93F3A83-3D4B-4974-915A-691F7AF6288C}.Debug|Any CPU.Build.0 = Debug|Any CPU
		{A93F3A83-3D4B-4974-915A-691F7AF6288C}.Release|Any CPU.ActiveCfg = Release|Any CPU
		{A93F3A83-3D4B-4974-915A-691F7AF6288C}.Release|Any CPU.Build.0 = Release|Any CPU
		{2AEF72C5-2315-4A6E-8084-70F76A654234}.Debug|Any CPU.ActiveCfg = Debug|Any CPU
		{2AEF72C5-2315-4A6E-8084-70F76A654234}.Debug|Any CPU.Build.0 = Debug|Any CPU
		{2AEF72C5-2315-4A6E-8084-70F76A654234}.Release|Any CPU.ActiveCfg = Release|Any CPU
		{2AEF72C5-2315-4A6E-8084-70F76A654234}.Release|Any CPU.Build.0 = Release|Any CPU
	EndGlobalSection
	GlobalSection(SolutionProperties) = preSolution
		HideSolutionNode = FALSE
	EndGlobalSection
	GlobalSection(NestedProjects) = preSolution
		{10736197-6224-4098-BA39-F5FF31FDDBC3} = {4B609D71-7D31-4B5B-8D78-D71F8722ADCF}
		{45FFA107-EEF8-4BD0-9EDC-E281830C5EA5} = {4B609D71-7D31-4B5B-8D78-D71F8722ADCF}
		{BF6A752C-7D0E-40AB-A044-F8F44C7DCF87} = {30277B70-4DBA-434C-9916-0AAB269CA3A2}
		{EE61C999-1A95-462D-BA85-8ED24E829ADE} = {4B609D71-7D31-4B5B-8D78-D71F8722ADCF}
		{3989A8BC-5583-4793-B029-EF55F324E570} = {30277B70-4DBA-434C-9916-0AAB269CA3A2}
		{9B7BA31B-DD21-4B45-B869-712DEDEE753F} = {26E02296-6F97-4F07-B87A-4E2E381C4532}
		{0C639A7F-FD4C-4432-BBED-9808F85C59A2} = {26E02296-6F97-4F07-B87A-4E2E381C4532}
		{2989816D-C791-40BE-9DB8-4AA0FCBFB94D} = {26E02296-6F97-4F07-B87A-4E2E381C4532}
		{87A01D1E-0FFA-4FCF-95BB-2FFE73889869} = {26E02296-6F97-4F07-B87A-4E2E381C4532}
		{02B79EA4-38F7-49C2-BBAC-605CCB9C95D5} = {30277B70-4DBA-434C-9916-0AAB269CA3A2}
		{A93F3A83-3D4B-4974-915A-691F7AF6288C} = {4B609D71-7D31-4B5B-8D78-D71F8722ADCF}
		{2AEF72C5-2315-4A6E-8084-70F76A654234} = {30277B70-4DBA-434C-9916-0AAB269CA3A2}
	EndGlobalSection
	GlobalSection(ExtensibilityGlobals) = postSolution
		SolutionGuid = {80911503-B3BF-4A0C-B1E8-FECDCFFEE053}
	EndGlobalSection
	GlobalSection(TeamFoundationVersionControl) = preSolution
		SccNumberOfProjects = 13
		SccEnterpriseProvider = {4CA58AB2-18FA-4F8D-95D4-32DDF27D184C}
		SccTeamFoundationServer = https://tfs.biz-apps.ru/tfs/defaultcollection
		SccLocalPath0 = .
		SccProjectUniqueName1 = bizapps_test.DAL\\bizapps_test.DAL.csproj
		SccProjectTopLevelParentUniqueName1 = bizapps_test.sln
		SccProjectName1 = bizapps_test.DAL
		SccLocalPath1 = bizapps_test.DAL
		SccProjectUniqueName2 = bizapps_test.BLL\\bizapps_test.BLL.csproj
		SccProjectTopLevelParentUniqueName2 = bizapps_test.sln
		SccProjectName2 = bizapps_test.BLL
		SccLocalPath2 = bizapps_test.BLL
		SccProjectUniqueName3 = bizapps_test.BLL.Tests\\bizapps_test.BLL.Tests.csproj
		SccProjectTopLevelParentUniqueName3 = bizapps_test.sln
		SccProjectName3 = bizapps_test.BLL.Tests
		SccLocalPath3 = bizapps_test.BLL.Tests
		SccProjectUniqueName4 = bizapps_test.MVC\\bizapps_test.MVC.csproj
		SccProjectTopLevelParentUniqueName4 = bizapps_test.sln
		SccProjectName4 = bizapps_test.MVC
		SccLocalPath4 = bizapps_test.MVC
		SccProjectUniqueName5 = bizapps_test.SL.API_Services\\bizapps_test.SL.API_Services.csproj
		SccProjectTopLevelParentUniqueName5 = bizapps_test.sln
		SccProjectName5 = bizapps_test.SL.API_Services
		SccLocalPath5 = bizapps_test.SL.API_Services
		SccProjectUniqueName6 = bizapps_test.SL.Wcf_Services\\bizapps_test.SL.Wcf_Services.csproj
		SccProjectTopLevelParentUniqueName6 = bizapps_test.sln
		SccProjectName6 = bizapps_test.SL.Wcf_Services
		SccLocalPath6 = bizapps_test.SL.Wcf_Services
		SccProjectUniqueName7 = bizapps_test.SL.ASMX_Services\\bizapps_test.SL.ASMX_Services.csproj
		SccProjectTopLevelParentUniqueName7 = bizapps_test.sln
		SccProjectName7 = bizapps_test.SL.ASMX_Services
		SccLocalPath7 = bizapps_test.SL.ASMX_Services
		SccProjectUniqueName8 = bizapps_test.SL.Wcf_Services.Tests\\bizapps_test.SL.Wcf_Services.Tests.csproj
		SccProjectTopLevelParentUniqueName8 = bizapps_test.sln
		SccProjectName8 = bizapps_test.SL.Wcf_Services.Tests
		SccLocalPath8 = bizapps_test.SL.Wcf_Services.Tests
		SccProjectUniqueName9 = bizapps_test.MVC.Tests\\bizapps_test.MVC.Tests.csproj
		SccProjectTopLevelParentUniqueName9 = bizapps_test.sln
		SccProjectName9 = bizapps_test.MVC.Tests
		SccLocalPath9 = bizapps_test.MVC.Tests
		SccProjectUniqueName10 = bizapps_test.WEB\\bizapps_test.WEB.csproj
		SccProjectTopLevelParentUniqueName10 = bizapps_test.sln
		SccProjectName10 = bizapps_test.WEB
		SccLocalPath10 = bizapps_test.WEB
		SccProjectUniqueName11 = bizapps_test.Domain\\bizapps_test.Domain.csproj
		SccProjectTopLevelParentUniqueName11 = bizapps_test.sln
		SccProjectName11 = bizapps_test.Domain
		SccLocalPath11 = bizapps_test.Domain
		SccProjectUniqueName12 = bizapps_test.SinglePageApp\\bizapps_test.SinglePageApp.csproj
		SccProjectTopLevelParentUniqueName12 = bizapps_test.sln
		SccProjectName12 = bizapps_test.SinglePageApp
		SccLocalPath12 = bizapps_test.SinglePageApp
	EndGlobalSection
EndGlobal
